
Microsoft Visual Studio Solution File, Format Version 12.00
# Visual Studio Version 17
VisualStudioVersion = 17.8.34511.84
MinimumVisualStudioVersion = 10.0.40219.1
Project("{2150E333-8FDC-42A3-9474-1A3956D46DE8}") = "src", "src", "{17FAA0E6-6AF2-4084-9206-1FC5AD35A1DB}"
EndProject
Project("{FAE04EC0-301F-11D3-BF4B-00C04F79EFBC}") = "CountIt", "CountIt\CountIt.csproj", "{3E3A36DA-C716-4491-B548-E1EE99531843}"
EndProject
Project("{2150E333-8FDC-42A3-9474-1A3956D46DE8}") = "tests", "tests", "{99D808BD-6200-463F-95C0-64D33B1BF7DB}"
EndProject
Project("{FAE04EC0-301F-11D3-BF4B-00C04F79EFBC}") = "CountIt.UnitTests", "CountIt.UnitTests\CountIt.UnitTests.csproj", "{BF999242-4C43-4565-B0C5-0E5356C87BAA}"
EndProject
Global
	GlobalSection(SolutionConfigurationPlatforms) = preSolution
		Debug|Any CPU = Debug|Any CPU
		Release|Any CPU = Release|Any CPU
	EndGlobalSection
	GlobalSection(ProjectConfigurationPlatforms) = postSolution
		{3E3A36DA-C716-4491-B548-E1EE99531843}.Debug|Any CPU.ActiveCfg = Debug|Any CPU
		{3E3A36DA-C716-4491-B548-E1EE99531843}.Debug|Any CPU.Build.0 = Debug|Any CPU
		{3E3A36DA-C716-4491-B548-E1EE99531843}.Release|Any CPU.ActiveCfg = Release|Any CPU
		{3E3A36DA-C716-4491-B548-E1EE99531843}.Release|Any CPU.Build.0 = Release|Any CPU
		{BF999242-4C43-4565-B0C5-0E5356C87BAA}.Debug|Any CPU.ActiveCfg = Debug|Any CPU
		{BF999242-4C43-4565-B0C5-0E5356C87BAA}.Debug|Any CPU.Build.0 = Debug|Any CPU
		{BF999242-4C43-4565-B0C5-0E5356C87BAA}.Release|Any CPU.ActiveCfg = Release|Any CPU
		{BF999242-4C43-4565-B0C5-0E5356C87BAA}.Release|Any CPU.Build.0 = Release|Any CPU
	EndGlobalSection
	GlobalSection(SolutionProperties) = preSolution
		HideSolutionNode = FALSE
	EndGlobalSection
	GlobalSection(NestedProjects) = preSolution
		{3E3A36DA-C716-4491-B548-E1EE99531843} = {17FAA0E6-6AF2-4084-9206-1FC5AD35A1DB}
		{BF999242-4C43-4565-B0C5-0E5356C87BAA} = {99D808BD-6200-463F-95C0-64D33B1BF7DB}
	EndGlobalSection
	GlobalSection(ExtensibilityGlobals) = postSolution
		SolutionGuid = {E143D7C1-EEAD-4807-84B0-EC8FA8E78020}
	EndGlobalSection
EndGlobal
